<?xml version="1.0" encoding="utf-8"?>
<Project ToolsVersion="4.0" xmlns="http://schemas.microsoft.com/developer/msbuild/2003">
  <ItemGroup>
    <ClCompile Include="main.cpp" />
    <ClCompile Include="Base\Base.cpp">
      <Filter>Base</Filter>
    </ClCompile>
    <ClCompile Include="Game\Player.cpp">
      <Filter>Game</Filter>
    </ClCompile>
    <ClCompile Include="Game\EnemyBoss.cpp">
      <Filter>Game</Filter>
    </ClCompile>
    <ClCompile Include="Game\Bullet1.cpp">
      <Filter>Game</Filter>
    </ClCompile>
    <ClCompile Include="Title\Title.cpp">
      <Filter>Title</Filter>
    </ClCompile>
    <ClCompile Include="Game\Game.cpp">
      <Filter>Game</Filter>
    </ClCompile>
    <ClCompile Include="Game\Effect.cpp">
      <Filter>Game</Filter>
    </ClCompile>
    <ClCompile Include="Game\UI.cpp">
      <Filter>Game</Filter>
    </ClCompile>
    <ClCompile Include="Game\GameData.cpp">
      <Filter>Game</Filter>
    </ClCompile>
    <ClCompile Include="Game\EnemyMob.cpp">
      <Filter>Game</Filter>
    </ClCompile>
    <ClCompile Include="Game\Game1.cpp">
      <Filter>Game</Filter>
    </ClCompile>
    <ClCompile Include="Game\Field.cpp">
      <Filter>Game</Filter>
    </ClCompile>
    <ClCompile Include="Game\kuma.cpp">
      <Filter>Game</Filter>
    </ClCompile>
  </ItemGroup>
  <ItemGroup>
    <Filter Include="Base">
      <UniqueIdentifier>{5a748545-ec77-4774-aa6e-a8acbabce815}</UniqueIdentifier>
    </Filter>
    <Filter Include="Game">
      <UniqueIdentifier>{2ecf4733-c213-488d-9fd0-ecb89efdd05b}</UniqueIdentifier>
    </Filter>
    <Filter Include="Title">
      <UniqueIdentifier>{9fbdbc1e-23a9-47c6-bf2a-f8c01dacd050}</UniqueIdentifier>
    </Filter>
  </ItemGroup>
  <ItemGroup>
    <ClInclude Include="Base\Base.h">
      <Filter>Base</Filter>
    </ClInclude>
    <ClInclude Include="Game\Player.h">
      <Filter>Game</Filter>
    </ClInclude>
    <ClInclude Include="Game\EnemyBoss.h">
      <Filter>Game</Filter>
    </ClInclude>
    <ClInclude Include="Game\Bullet1.h">
      <Filter>Game</Filter>
    </ClInclude>
    <ClInclude Include="Title\Title.h">
      <Filter>Title</Filter>
    </ClInclude>
    <ClInclude Include="Game\Game.h">
      <Filter>Game</Filter>
    </ClInclude>
    <ClInclude Include="Game\Effect.h">
      <Filter>Game</Filter>
    </ClInclude>
    <ClInclude Include="Game\UI.h">
      <Filter>Game</Filter>
    </ClInclude>
    <ClInclude Include="Game\GameData.h">
      <Filter>Game</Filter>
    </ClInclude>
    <ClInclude Include="Game\EnemyMob.h">
      <Filter>Game</Filter>
    </ClInclude>
    <ClInclude Include="Game\Game1.h">
      <Filter>Game</Filter>
    </ClInclude>
    <ClInclude Include="Game\Field.h">
      <Filter>Game</Filter>
    </ClInclude>
    <ClInclude Include="Game\kuma.h">
      <Filter>Game</Filter>
    </ClInclude>
  </ItemGroup>
</Project>